{
  "name": "diancan-user",
  "lockfileVersion": 2,
  "requires": true,
  "packages": {
    "": {
      "dependencies": {
        "dayjs": "^1.11.13",
        "e-commerce_price": "^1.0.3",
        "goeasy": "^2.1.11",
        "moment": "^2.29.1"
      }
    },
    "node_modules/dayjs": {
      "version": "1.11.13",
      "resolved": "https://registry.npmmirror.com/dayjs/-/dayjs-1.11.13.tgz",
      "integrity": "sha512-oaMBel6gjolK862uaPQOVTA7q3TZhuSvuMQAAglQDOWYO9A91IrAOUJEyKVlqJlHE0vq5p5UXxzdPfMH/x6xNg=="
    },
    "node_modules/e-commerce_price": {
      "version": "1.0.3",
      "resolved": "https://registry.npmmirror.com/e-commerce_price/-/e-commerce_price-1.0.3.tgz",
      "integrity": "sha512-r6eTjoWyYrD1814h0tzPi5gFnB6Lsg+rWKJJUvJZZ9FxWM8nNDHd/xi446oGBippvUufZ45V2eHl42zvQYf8/w=="
    },
    "node_modules/goeasy": {
      "version": "2.13.21",
      "resolved": "https://registry.npmmirror.com/goeasy/-/goeasy-2.13.21.tgz",
      "integrity": "sha512-KxzYC9KRu02tt3Cv+9QHqP/yD6kl/kmI07UZw6BzRFjJUpNNuefZTD/bKC9a9nYbmLWYxYneoQqowHwl2GaEPw=="
    },
    "node_modules/moment": {
      "version": "2.30.1",
      "resolved": "https://registry.npmmirror.com/moment/-/moment-2.30.1.tgz",
      "integrity": "sha512-uEmtNhbDOrWPFS+hdjFCBfy9f2YoyzRpwcl+DqpC6taX21FzsTLQVbMV/W7PzNSX6x/bhC1zA3c2UQ5NzH6how==",
      "engines": {
        "node": "*"
      }
    }
  },
  "dependencies": {
    "dayjs": {
      "version": "1.11.13",
      "resolved": "https://registry.npmmirror.com/dayjs/-/dayjs-1.11.13.tgz",
      "integrity": "sha512-oaMBel6gjolK862uaPQOVTA7q3TZhuSvuMQAAglQDOWYO9A91IrAOUJEyKVlqJlHE0vq5p5UXxzdPfMH/x6xNg=="
    },
    "e-commerce_price": {
      "version": "1.0.3",
      "resolved": "https://registry.npmmirror.com/e-commerce_price/-/e-commerce_price-1.0.3.tgz",
      "integrity": "sha512-r6eTjoWyYrD1814h0tzPi5gFnB6Lsg+rWKJJUvJZZ9FxWM8nNDHd/xi446oGBippvUufZ45V2eHl42zvQYf8/w=="
    },
    "goeasy": {
      "version": "2.13.21",
      "resolved": "https://registry.npmmirror.com/goeasy/-/goeasy-2.13.21.tgz",
      "integrity": "sha512-KxzYC9KRu02tt3Cv+9QHqP/yD6kl/kmI07UZw6BzRFjJUpNNuefZTD/bKC9a9nYbmLWYxYneoQqowHwl2GaEPw=="
    },
    "moment": {
      "version": "2.30.1",
      "resolved": "https://registry.npmmirror.com/moment/-/moment-2.30.1.tgz",
      "integrity": "sha512-uEmtNhbDOrWPFS+hdjFCBfy9f2YoyzRpwcl+DqpC6taX21FzsTLQVbMV/W7PzNSX6x/bhC1zA3c2UQ5NzH6how=="
    }
  }
}
